# This file is autogenerated, do not edit; changes may be undone by the next 'dep ensure'.


[[projects]]
  branch = "master"
  name = "github.com/karalabe/hid"
  packages = ["."]
  revision = "2b4488a37358b7283de4f9622553e85ebbe73125"

[[projects]]
  branch = "master"
  name = "golang.org/x/image"
  packages = ["colornames"]
  revision = "e7c2a4f0428ddaa7e8b1d85d3c60810ffc535d84"

[[projects]]
  branch = "master"
  name = "golang.org/x/net"
  packages = [
    "html",
    "html/atom"
  ]
  revision = "32a936f46389aa10549d60bd7833e54b01685d09"

[solve-meta]
  analyzer-name = "dep"
  analyzer-version = 1
  inputs-digest = "c06505086adc8d470a6310cab91786e996daf7999541c699d0cf6d3c2ff307c0"
  solver-name = "gps-cdcl"
  solver-version = 1
